
Microsoft Visual Studio Solution File, Format Version 12.00
# Visual Studio Version 16
VisualStudioVersion = 16.0.30804.86
MinimumVisualStudioVersion = 10.0.40219.1
Project("{FAE04EC0-301F-11D3-BF4B-00C04F79EFBC}") = "Lab_Project4_Christopher_Dickerson", "Lab_Project4_Christopher_Dickerson\Lab_Project4_Christopher_Dickerson.csproj", "{2DF49B6D-FB04-48B1-B7F8-82FF43726B69}"
EndProject
Global
	GlobalSection(SolutionConfigurationPlatforms) = preSolution
		Debug|Any CPU = Debug|Any CPU
		Release|Any CPU = Release|Any CPU
	EndGlobalSection
	GlobalSection(ProjectConfigurationPlatforms) = postSolution
		{2DF49B6D-FB04-48B1-B7F8-82FF43726B69}.Debug|Any CPU.ActiveCfg = Debug|Any CPU
		{2DF49B6D-FB04-48B1-B7F8-82FF43726B69}.Debug|Any CPU.Build.0 = Debug|Any CPU
		{2DF49B6D-FB04-48B1-B7F8-82FF43726B69}.Release|Any CPU.ActiveCfg = Release|Any CPU
		{2DF49B6D-FB04-48B1-B7F8-82FF43726B69}.Release|Any CPU.Build.0 = Release|Any CPU
	EndGlobalSection
	GlobalSection(SolutionProperties) = preSolution
		HideSolutionNode = FALSE
	EndGlobalSection
	GlobalSection(ExtensibilityGlobals) = postSolution
		SolutionGuid = {6B949B3B-4702-46A8-A3B8-0BEE935E65AC}
	EndGlobalSection
EndGlobal
